
Microsoft Visual Studio Solution File, Format Version 12.00
# Visual Studio Version 17
VisualStudioVersion = 17.2.32630.192
MinimumVisualStudioVersion = 10.0.40219.1
Project("{9A19103F-16F7-4668-BE54-9A1E7A4F7556}") = "R5T.T0249", "R5T.T0249\R5T.T0249.csproj", "{430A208B-0F7B-42FC-BF7E-444604EC1297}"
EndProject
Project("{2150E333-8FDC-42A3-9474-1A3956D46DE8}") = "_Dependencies", "_Dependencies", "{96E01BED-AFE8-488D-A71B-444FB13A9DD7}"
EndProject
Project("{9A19103F-16F7-4668-BE54-9A1E7A4F7556}") = "R5T.T0143", "..\..\R5T.T0143\source\R5T.T0143\R5T.T0143.csproj", "{A29A8039-F80E-4D48-95CF-76B6F9054EB5}"
EndProject
Global
	GlobalSection(NestedProjects) = preSolution
		{A29A8039-F80E-4D48-95CF-76B6F9054EB5} = {96E01BED-AFE8-488D-A71B-444FB13A9DD7}
	EndGlobalSection
	GlobalSection(SolutionConfigurationPlatforms) = preSolution
		Debug|Any CPU = Debug|Any CPU
		Release|Any CPU = Release|Any CPU
	EndGlobalSection
	GlobalSection(ProjectConfigurationPlatforms) = postSolution
		{430A208B-0F7B-42FC-BF7E-444604EC1297}.Debug|Any CPU.ActiveCfg = Debug|Any CPU
		{430A208B-0F7B-42FC-BF7E-444604EC1297}.Debug|Any CPU.Build.0 = Debug|Any CPU
		{430A208B-0F7B-42FC-BF7E-444604EC1297}.Release|Any CPU.ActiveCfg = Release|Any CPU
		{430A208B-0F7B-42FC-BF7E-444604EC1297}.Release|Any CPU.Build.0 = Release|Any CPU
		{A29A8039-F80E-4D48-95CF-76B6F9054EB5}.Debug|Any CPU.ActiveCfg = Debug|Any CPU
		{A29A8039-F80E-4D48-95CF-76B6F9054EB5}.Debug|Any CPU.Build.0 = Debug|Any CPU
		{A29A8039-F80E-4D48-95CF-76B6F9054EB5}.Release|Any CPU.ActiveCfg = Release|Any CPU
		{A29A8039-F80E-4D48-95CF-76B6F9054EB5}.Release|Any CPU.Build.0 = Release|Any CPU
	EndGlobalSection
	GlobalSection(SolutionProperties) = preSolution
		HideSolutionNode = FALSE
	EndGlobalSection
	GlobalSection(ExtensibilityGlobals) = postSolution
		SolutionGuid = {6F5CDD82-2417-43D7-9FBA-617728DC6695}
	EndGlobalSection
EndGlobal
